github.com/sea-project/crypto-ecc-s256 v0.0.0-20201112053750-eac7c730f85f/go.mod h1:xIQjaHV/srqyXHwkXD8LndpDWr5qnds5MS+bZ/4Ki7Q=
github.com/sea-project/crypto-ecc-s256 v0.0.0-20201112115545-6e26b604f2b7 h1:AxiqydFgAhHvDYXJdc6SfuuqbLr84U6lhbZzRbnk0q0=
github.com/sea-project/crypto-ecc-s256 v0.0.0-20201112115545-6e26b604f2b7/go.mod h1:xIQjaHV/srqyXHwkXD8LndpDWr5qnds5MS+bZ/4Ki7Q=
github.com/sea-project/crypto-hash-sha3 v0.0.0-20201112103137-a804ec4a033e h1:gFkZIshme/LR7/pDC0V6nAb0OEMaB8oZ0UcjwaH0P8U=
github.com/sea-project/crypto-hash-sha3 v0.0.0-20201112103137-a804ec4a033e/go.mod h1:/ubKLhe2yPZ3EetQEGoxYGjREz8ZlHOXTqL3CZq/r8M=
github.com/sea-project/crypto-signature-ecdsa v0.0.0-20201112141501-3c039ee96ae7 h1:hV+EU/vLfd+z86lZJwo3p36dBeo54jV31sDKEceO9Ps=
github.com/sea-project/crypto-signature-ecdsa v0.0.0-20201112141501-3c039ee96ae7/go.mod h1:qvni1OqwXTbKAzrdnzu4oo5P8OYpW6e9eDJLFga4EOs=
github.com/sea-project/stdlib-bytes v0.0.0-20201112140324-eb835f449f02 h1:iEDLbldVabfhc7KtFuLwPBsnmfhKGqQQleKPkWmltpM=
github.com/sea-project/stdlib-bytes v0.0.0-20201112140324-eb835f449f02/go.mod h1:HnErhVuroF+dt1ZB8A0IrlMhGUC6AwvEhDFzF61zWS4=
github.com/sea-project/stdlib-hex-conversion v0.0.0-20201116123118-817e585703be h1:W4Sq6bpN9Sun7TUfynJ1iHKeLBEenxlno5BvRgHnZLY=
github.com/sea-project/stdlib-hex-conversion v0.0.0-20201116123118-817e585703be/go.mod h1:wdv+pu3y6Pl9fc3o56toH/9N6315Kp03zLyZkp2+GYA=
github.com/sea-project/stdlib-math v0.0.0-20201112140608-772ee2e2934d h1:Gh2Ih9YUn3aKzKTBBSlVfkWS7PkqSS5sAsnHAWgKdfw=
github.com/sea-project/stdlib-math v0.0.0-20201112140608-772ee2e2934d/go.mod h1:M8Cs998lz3vNfN5XyXgoPzWsJ9IDJ+qTHV4G/g1hAps=
golang.org/x/crypto v0.0.0-20190308221718-c2843e01d9a2/go.mod h1:djNgcEr1/C05ACkg1iLfiJU5Ep61QUkGW8qpdssI0+w=
golang.org/x/crypto v0.0.0-20201016220609-9e8e0b390897 h1:pLI5jrR7OSLijeIDcmRxNmw2api+jEfxLoykJVice/E=
golang.org/x/crypto v0.0.0-20201016220609-9e8e0b390897/go.mod h1:LzIPMQfyMNhhGPhUkYOs5KpL4U8rLKemX1yGLhDgUto=
golang.org/x/net v0.0.0-20190404232315-eb5bcb51f2a3/go.mod h1:t9HGtf8HONx5eT2rtn7q6eTqICYqUVnKs3thJo3Qplg=
golang.org/x/sys v0.0.0-20190215142949-d0b11bdaac8a/go.mod h1:STP8DvDyc/dI5b8T5hshtkjS+E42TnysNCUPdjciGhY=
golang.org/x/sys v0.0.0-20190412213103-97732733099d h1:+R4KGOnez64A81RvjARKc4UT5/tI9ujCIVX+P5KiHuI=
golang.org/x/sys v0.0.0-20190412213103-97732733099d/go.mod h1:h1NjWce9XRLGQEsW7wpKNCjG9DtNlClVuFLEZdDNbEs=
golang.org/x/text v0.3.0/go.mod h1:NqM8EUOU14njkJ3fqMW+pc6Ldnwhi/IjpwHt7yyuwOQ=
